{
    "version": 3,
    "terraform_version": "0.11.13",
    "serial": 2,
    "lineage": "e29a9fc4-a54b-42d7-670c-a65ef643bfe5",
    "modules": [
        {
            "path": [
                "root"
            ],
            "outputs": {},
            "resources": {
                "aws_eip.nat": {
                    "type": "aws_eip",
                    "depends_on": [],
                    "primary": {
                        "id": "eipalloc-0e3967fee8b2baff1",
                        "attributes": {
                            "association_id": "",
                            "domain": "vpc",
                            "id": "eipalloc-0e3967fee8b2baff1",
                            "instance": "",
                            "network_interface": "",
                            "private_ip": "",
                            "public_dns": "ec2-3-213-138-25.compute-1.amazonaws.com",
                            "public_ip": "3.213.138.25",
                            "public_ipv4_pool": "amazon",
                            "tags.%": "0",
                            "vpc": "true"
                        },
                        "meta": {
                            "e2bfb730-ecaa-11e6-8f88-34363bc7c4c0": {
                                "delete": 180000000000,
                                "read": 900000000000,
                                "update": 300000000000
                            }
                        },
                        "tainted": false
                    },
                    "deposed": [],
                    "provider": "provider.aws"
                },
                "aws_internet_gateway.main-gw": {
                    "type": "aws_internet_gateway",
                    "depends_on": [
                        "aws_vpc.motocho"
                    ],
                    "primary": {
                        "id": "igw-031eab2d8c2377802",
                        "attributes": {
                            "id": "igw-031eab2d8c2377802",
                            "owner_id": "562743987933",
                            "tags.%": "1",
                            "tags.Name": "main",
                            "vpc_id": "vpc-06c625f598c456908"
                        },
                        "meta": {},
                        "tainted": false
                    },
                    "deposed": [],
                    "provider": "provider.aws"
                },
                "aws_route_table.main-public": {
                    "type": "aws_route_table",
                    "depends_on": [
                        "aws_internet_gateway.main-gw",
                        "aws_vpc.motocho"
                    ],
                    "primary": {
                        "id": "rtb-0bfbdb86738aee1d0",
                        "attributes": {
                            "id": "rtb-0bfbdb86738aee1d0",
                            "owner_id": "562743987933",
                            "propagating_vgws.#": "0",
                            "route.#": "1",
                            "route.1898616861.cidr_block": "0.0.0.0/0",
                            "route.1898616861.egress_only_gateway_id": "",
                            "route.1898616861.gateway_id": "igw-031eab2d8c2377802",
                            "route.1898616861.instance_id": "",
                            "route.1898616861.ipv6_cidr_block": "",
                            "route.1898616861.nat_gateway_id": "",
                            "route.1898616861.network_interface_id": "",
                            "route.1898616861.transit_gateway_id": "",
                            "route.1898616861.vpc_peering_connection_id": "",
                            "tags.%": "1",
                            "tags.Name": "main-public-1",
                            "vpc_id": "vpc-06c625f598c456908"
                        },
                        "meta": {},
                        "tainted": false
                    },
                    "deposed": [],
                    "provider": "provider.aws"
                },
                "aws_vpc.motocho": {
                    "type": "aws_vpc",
                    "depends_on": [],
                    "primary": {
                        "id": "vpc-06c625f598c456908",
                        "attributes": {
                            "arn": "arn:aws:ec2:us-east-1:562743987933:vpc/vpc-06c625f598c456908",
                            "assign_generated_ipv6_cidr_block": "false",
                            "cidr_block": "10.0.0.0/16",
                            "default_network_acl_id": "acl-0a422842fb8c95fb2",
                            "default_route_table_id": "rtb-0e464145ff8748c0a",
                            "default_security_group_id": "sg-0406f67d83d8a091e",
                            "dhcp_options_id": "dopt-516c5b2a",
                            "enable_classiclink": "false",
                            "enable_classiclink_dns_support": "false",
                            "enable_dns_hostnames": "true",
                            "enable_dns_support": "true",
                            "id": "vpc-06c625f598c456908",
                            "instance_tenancy": "default",
                            "ipv6_association_id": "",
                            "ipv6_cidr_block": "",
                            "main_route_table_id": "rtb-0e464145ff8748c0a",
                            "owner_id": "562743987933",
                            "tags.%": "1",
                            "tags.Name": "main"
                        },
                        "meta": {
                            "schema_version": "1"
                        },
                        "tainted": false
                    },
                    "deposed": [],
                    "provider": "provider.aws"
                }
            },
            "depends_on": []
        }
    ]
}
